
Microsoft Visual Studio Solution File, Format Version 12.00
# Visual Studio 15
VisualStudioVersion = 15.0.27428.2037
MinimumVisualStudioVersion = 10.0.40219.1
Project("{FAE04EC0-301F-11D3-BF4B-00C04F79EFBC}") = "Parcial 1 Diseño", "Parcial 1 Diseño\Parcial 1 Diseño.csproj", "{D829C647-52B5-4382-BC6E-8989ECBF9963}"
EndProject
Global
	GlobalSection(SolutionConfigurationPlatforms) = preSolution
		Debug|Any CPU = Debug|Any CPU
		Release|Any CPU = Release|Any CPU
	EndGlobalSection
	GlobalSection(ProjectConfigurationPlatforms) = postSolution
		{D829C647-52B5-4382-BC6E-8989ECBF9963}.Debug|Any CPU.ActiveCfg = Debug|Any CPU
		{D829C647-52B5-4382-BC6E-8989ECBF9963}.Debug|Any CPU.Build.0 = Debug|Any CPU
		{D829C647-52B5-4382-BC6E-8989ECBF9963}.Release|Any CPU.ActiveCfg = Release|Any CPU
		{D829C647-52B5-4382-BC6E-8989ECBF9963}.Release|Any CPU.Build.0 = Release|Any CPU
	EndGlobalSection
	GlobalSection(SolutionProperties) = preSolution
		HideSolutionNode = FALSE
	EndGlobalSection
	GlobalSection(ExtensibilityGlobals) = postSolution
		SolutionGuid = {AAF03757-280C-41E6-B9D1-7866BF5D794B}
	EndGlobalSection
EndGlobal
